
Microsoft Visual Studio Solution File, Format Version 12.00
# Visual Studio Version 17
VisualStudioVersion = 17.7.34031.279
MinimumVisualStudioVersion = 10.0.40219.1
Project("{FAE04EC0-301F-11D3-BF4B-00C04F79EFBC}") = "BlazorShop.Web", "BlazorShop.Web\BlazorShop.Web\BlazorShop.Web.csproj", "{8FC3C560-E93C-4BA8-BC86-4DB5A79B8C95}"
EndProject
Project("{FAE04EC0-301F-11D3-BF4B-00C04F79EFBC}") = "BlazorShop.Web.Client", "BlazorShop.Web\BlazorShop.Web.Client\BlazorShop.Web.Client.csproj", "{53A6B812-3E20-45A4-89F3-B7E1AB213F41}"
EndProject
Project("{FAE04EC0-301F-11D3-BF4B-00C04F79EFBC}") = "BlazorShop.Api", "BlazorShop.Api\BlazorShop.Api.csproj", "{D0447ABE-2151-4564-9364-CF2744A1D6D7}"
EndProject
Project("{FAE04EC0-301F-11D3-BF4B-00C04F79EFBC}") = "BlazorShop.Models", "BlazorShop.Models\BlazorShop.Models.csproj", "{9A3ACAB0-B07F-47E1-AA62-88F6CDA7AB0A}"
EndProject
Global
	GlobalSection(SolutionConfigurationPlatforms) = preSolution
		Debug|Any CPU = Debug|Any CPU
		Release|Any CPU = Release|Any CPU
	EndGlobalSection
	GlobalSection(ProjectConfigurationPlatforms) = postSolution
		{8FC3C560-E93C-4BA8-BC86-4DB5A79B8C95}.Debug|Any CPU.ActiveCfg = Debug|Any CPU
		{8FC3C560-E93C-4BA8-BC86-4DB5A79B8C95}.Debug|Any CPU.Build.0 = Debug|Any CPU
		{8FC3C560-E93C-4BA8-BC86-4DB5A79B8C95}.Release|Any CPU.ActiveCfg = Release|Any CPU
		{8FC3C560-E93C-4BA8-BC86-4DB5A79B8C95}.Release|Any CPU.Build.0 = Release|Any CPU
		{53A6B812-3E20-45A4-89F3-B7E1AB213F41}.Debug|Any CPU.ActiveCfg = Debug|Any CPU
		{53A6B812-3E20-45A4-89F3-B7E1AB213F41}.Debug|Any CPU.Build.0 = Debug|Any CPU
		{53A6B812-3E20-45A4-89F3-B7E1AB213F41}.Release|Any CPU.ActiveCfg = Release|Any CPU
		{53A6B812-3E20-45A4-89F3-B7E1AB213F41}.Release|Any CPU.Build.0 = Release|Any CPU
		{D0447ABE-2151-4564-9364-CF2744A1D6D7}.Debug|Any CPU.ActiveCfg = Debug|Any CPU
		{D0447ABE-2151-4564-9364-CF2744A1D6D7}.Debug|Any CPU.Build.0 = Debug|Any CPU
		{D0447ABE-2151-4564-9364-CF2744A1D6D7}.Release|Any CPU.ActiveCfg = Release|Any CPU
		{D0447ABE-2151-4564-9364-CF2744A1D6D7}.Release|Any CPU.Build.0 = Release|Any CPU
		{9A3ACAB0-B07F-47E1-AA62-88F6CDA7AB0A}.Debug|Any CPU.ActiveCfg = Debug|Any CPU
		{9A3ACAB0-B07F-47E1-AA62-88F6CDA7AB0A}.Debug|Any CPU.Build.0 = Debug|Any CPU
		{9A3ACAB0-B07F-47E1-AA62-88F6CDA7AB0A}.Release|Any CPU.ActiveCfg = Release|Any CPU
		{9A3ACAB0-B07F-47E1-AA62-88F6CDA7AB0A}.Release|Any CPU.Build.0 = Release|Any CPU
	EndGlobalSection
	GlobalSection(SolutionProperties) = preSolution
		HideSolutionNode = FALSE
	EndGlobalSection
	GlobalSection(ExtensibilityGlobals) = postSolution
		SolutionGuid = {B5D88194-354C-4DC9-967C-99D7E9E7E2A3}
	EndGlobalSection
EndGlobal
